
Microsoft Visual Studio Solution File, Format Version 12.00
# Visual Studio Version 17
VisualStudioVersion = 17.5.002.0
MinimumVisualStudioVersion = 10.0.40219.1
Project("{9A19103F-16F7-4668-BE54-9A1E7A4F7556}") = "CosplayConnect", "CosplayConnect\CosplayConnect.csproj", "{C22CB618-614F-4B03-8F6E-8A98E525F9E0}"
EndProject
Global
	GlobalSection(SolutionConfigurationPlatforms) = preSolution
		Debug|Any CPU = Debug|Any CPU
		Release|Any CPU = Release|Any CPU
	EndGlobalSection
	GlobalSection(ProjectConfigurationPlatforms) = postSolution
		{C22CB618-614F-4B03-8F6E-8A98E525F9E0}.Debug|Any CPU.ActiveCfg = Debug|Any CPU
		{C22CB618-614F-4B03-8F6E-8A98E525F9E0}.Debug|Any CPU.Build.0 = Debug|Any CPU
		{C22CB618-614F-4B03-8F6E-8A98E525F9E0}.Release|Any CPU.ActiveCfg = Release|Any CPU
		{C22CB618-614F-4B03-8F6E-8A98E525F9E0}.Release|Any CPU.Build.0 = Release|Any CPU
	EndGlobalSection
	GlobalSection(SolutionProperties) = preSolution
		HideSolutionNode = FALSE
	EndGlobalSection
	GlobalSection(ExtensibilityGlobals) = postSolution
		SolutionGuid = {59B7B4EF-23AA-4B90-B06D-B12B207D7E64}
	EndGlobalSection
EndGlobal
